
Microsoft Visual Studio Solution File, Format Version 12.00
# Visual Studio Version 17
VisualStudioVersion = 17.14.36705.20 d17.14
MinimumVisualStudioVersion = 10.0.40219.1
Project("{FAE04EC0-301F-11D3-BF4B-00C04F79EFBC}") = "Social bro", "Social bro\Social bro.csproj", "{411B588B-D1D5-44A3-ACA7-CDF680E6ED84}"
EndProject
Global
	GlobalSection(SolutionConfigurationPlatforms) = preSolution
		Debug|Any CPU = Debug|Any CPU
		Release|Any CPU = Release|Any CPU
	EndGlobalSection
	GlobalSection(ProjectConfigurationPlatforms) = postSolution
		{411B588B-D1D5-44A3-ACA7-CDF680E6ED84}.Debug|Any CPU.ActiveCfg = Debug|Any CPU
		{411B588B-D1D5-44A3-ACA7-CDF680E6ED84}.Debug|Any CPU.Build.0 = Debug|Any CPU
		{411B588B-D1D5-44A3-ACA7-CDF680E6ED84}.Release|Any CPU.ActiveCfg = Release|Any CPU
		{411B588B-D1D5-44A3-ACA7-CDF680E6ED84}.Release|Any CPU.Build.0 = Release|Any CPU
	EndGlobalSection
	GlobalSection(SolutionProperties) = preSolution
		HideSolutionNode = FALSE
	EndGlobalSection
	GlobalSection(ExtensibilityGlobals) = postSolution
		SolutionGuid = {7E7801E6-8DAF-458E-A04F-354AC889F096}
	EndGlobalSection
EndGlobal
