
Microsoft Visual Studio Solution File, Format Version 12.00
# Visual Studio Version 17
VisualStudioVersion = 17.14.36705.20 d17.14
MinimumVisualStudioVersion = 10.0.40219.1
Project("{FAE04EC0-301F-11D3-BF4B-00C04F79EFBC}") = "Shopping Bro", "Shopping Bro\Shopping Bro.csproj", "{AE21920C-08FA-4F93-A7EE-5437ABC867F8}"
EndProject
Global
	GlobalSection(SolutionConfigurationPlatforms) = preSolution
		Debug|Any CPU = Debug|Any CPU
		Release|Any CPU = Release|Any CPU
	EndGlobalSection
	GlobalSection(ProjectConfigurationPlatforms) = postSolution
		{AE21920C-08FA-4F93-A7EE-5437ABC867F8}.Debug|Any CPU.ActiveCfg = Debug|Any CPU
		{AE21920C-08FA-4F93-A7EE-5437ABC867F8}.Debug|Any CPU.Build.0 = Debug|Any CPU
		{AE21920C-08FA-4F93-A7EE-5437ABC867F8}.Release|Any CPU.ActiveCfg = Release|Any CPU
		{AE21920C-08FA-4F93-A7EE-5437ABC867F8}.Release|Any CPU.Build.0 = Release|Any CPU
	EndGlobalSection
	GlobalSection(SolutionProperties) = preSolution
		HideSolutionNode = FALSE
	EndGlobalSection
	GlobalSection(ExtensibilityGlobals) = postSolution
		SolutionGuid = {609455B9-9AA8-4FC1-84ED-48A76FDBFF26}
	EndGlobalSection
EndGlobal
